
Microsoft Visual Studio Solution File, Format Version 12.00
# Visual Studio 15
VisualStudioVersion = 15.0.28307.271
MinimumVisualStudioVersion = 10.0.40219.1
Project("{FAE04EC0-301F-11D3-BF4B-00C04F79EFBC}") = "ConsoleAppPruebaGit", "ConsoleAppPruebaGit\ConsoleAppPruebaGit.csproj", "{7D5BA903-32B6-43A8-BAC5-55E0655A4445}"
EndProject
Global
	GlobalSection(SolutionConfigurationPlatforms) = preSolution
		Debug|Any CPU = Debug|Any CPU
		Release|Any CPU = Release|Any CPU
	EndGlobalSection
	GlobalSection(ProjectConfigurationPlatforms) = postSolution
		{7D5BA903-32B6-43A8-BAC5-55E0655A4445}.Debug|Any CPU.ActiveCfg = Debug|Any CPU
		{7D5BA903-32B6-43A8-BAC5-55E0655A4445}.Debug|Any CPU.Build.0 = Debug|Any CPU
		{7D5BA903-32B6-43A8-BAC5-55E0655A4445}.Release|Any CPU.ActiveCfg = Release|Any CPU
		{7D5BA903-32B6-43A8-BAC5-55E0655A4445}.Release|Any CPU.Build.0 = Release|Any CPU
	EndGlobalSection
	GlobalSection(SolutionProperties) = preSolution
		HideSolutionNode = FALSE
	EndGlobalSection
	GlobalSection(ExtensibilityGlobals) = postSolution
		SolutionGuid = {5C451E6D-4019-4070-8061-DD307C1DF2D4}
	EndGlobalSection
EndGlobal
